
Microsoft Visual Studio Solution File, Format Version 12.00
# Visual Studio 15
VisualStudioVersion = 15.0.28010.2048
MinimumVisualStudioVersion = 10.0.40219.1
Project("{2150E333-8FDC-42A3-9474-1A3956D46DE8}") = "Presentation", "Presentation", "{48AC83AE-E49D-41FA-A328-5066C4F74AAE}"
EndProject
Project("{2150E333-8FDC-42A3-9474-1A3956D46DE8}") = "Business", "Business", "{D8C86C98-B7E8-4B68-B9A1-7F8819D69C3C}"
EndProject
Project("{2150E333-8FDC-42A3-9474-1A3956D46DE8}") = "DataAccess", "DataAccess", "{B9A17F3A-E096-4A84-A40E-8D728A0D7B25}"
EndProject
Project("{2150E333-8FDC-42A3-9474-1A3956D46DE8}") = "Shared", "Shared", "{022C10A3-EDF2-4A56-97AD-7B1BEB394A01}"
EndProject
Project("{FAE04EC0-301F-11D3-BF4B-00C04F79EFBC}") = "BusinessLogic", "Business\BusinessLogic\BusinessLogic.csproj", "{3E89386B-8505-4050-83DD-0A575FC77721}"
EndProject
Project("{FAE04EC0-301F-11D3-BF4B-00C04F79EFBC}") = "DataAccess", "Data\DataAccess\DataAccess.csproj", "{747C097D-8660-47FE-935F-AF4E0F3518B3}"
EndProject
Project("{FAE04EC0-301F-11D3-BF4B-00C04F79EFBC}") = "Entities", "Shared\Entities\Entities.csproj", "{7EE5BE7B-5A0B-4424-AE9B-8C8145C64133}"
EndProject
Project("{FAE04EC0-301F-11D3-BF4B-00C04F79EFBC}") = "Common", "Shared\Common\Common.csproj", "{A22418FC-FAD0-445A-93B3-6B76E9B20D1A}"
EndProject
Project("{FAE04EC0-301F-11D3-BF4B-00C04F79EFBC}") = "Presentation", "Presentation\Presentation\Presentation.csproj", "{00CBBDD3-0223-442A-834B-B993A6DF7D31}"
EndProject
Global
	GlobalSection(SolutionConfigurationPlatforms) = preSolution
		Debug|Any CPU = Debug|Any CPU
		Release|Any CPU = Release|Any CPU
	EndGlobalSection
	GlobalSection(ProjectConfigurationPlatforms) = postSolution
		{3E89386B-8505-4050-83DD-0A575FC77721}.Debug|Any CPU.ActiveCfg = Debug|Any CPU
		{3E89386B-8505-4050-83DD-0A575FC77721}.Debug|Any CPU.Build.0 = Debug|Any CPU
		{3E89386B-8505-4050-83DD-0A575FC77721}.Release|Any CPU.ActiveCfg = Release|Any CPU
		{3E89386B-8505-4050-83DD-0A575FC77721}.Release|Any CPU.Build.0 = Release|Any CPU
		{747C097D-8660-47FE-935F-AF4E0F3518B3}.Debug|Any CPU.ActiveCfg = Debug|Any CPU
		{747C097D-8660-47FE-935F-AF4E0F3518B3}.Debug|Any CPU.Build.0 = Debug|Any CPU
		{747C097D-8660-47FE-935F-AF4E0F3518B3}.Release|Any CPU.ActiveCfg = Release|Any CPU
		{747C097D-8660-47FE-935F-AF4E0F3518B3}.Release|Any CPU.Build.0 = Release|Any CPU
		{7EE5BE7B-5A0B-4424-AE9B-8C8145C64133}.Debug|Any CPU.ActiveCfg = Debug|Any CPU
		{7EE5BE7B-5A0B-4424-AE9B-8C8145C64133}.Debug|Any CPU.Build.0 = Debug|Any CPU
		{7EE5BE7B-5A0B-4424-AE9B-8C8145C64133}.Release|Any CPU.ActiveCfg = Release|Any CPU
		{7EE5BE7B-5A0B-4424-AE9B-8C8145C64133}.Release|Any CPU.Build.0 = Release|Any CPU
		{A22418FC-FAD0-445A-93B3-6B76E9B20D1A}.Debug|Any CPU.ActiveCfg = Debug|Any CPU
		{A22418FC-FAD0-445A-93B3-6B76E9B20D1A}.Debug|Any CPU.Build.0 = Debug|Any CPU
		{A22418FC-FAD0-445A-93B3-6B76E9B20D1A}.Release|Any CPU.ActiveCfg = Release|Any CPU
		{A22418FC-FAD0-445A-93B3-6B76E9B20D1A}.Release|Any CPU.Build.0 = Release|Any CPU
		{00CBBDD3-0223-442A-834B-B993A6DF7D31}.Debug|Any CPU.ActiveCfg = Debug|Any CPU
		{00CBBDD3-0223-442A-834B-B993A6DF7D31}.Debug|Any CPU.Build.0 = Debug|Any CPU
		{00CBBDD3-0223-442A-834B-B993A6DF7D31}.Release|Any CPU.ActiveCfg = Release|Any CPU
		{00CBBDD3-0223-442A-834B-B993A6DF7D31}.Release|Any CPU.Build.0 = Release|Any CPU
		{EB448F2B-AA18-4EAE-96C9-80A5264C8A10}.Debug|Any CPU.ActiveCfg = Debug|Any CPU
		{EB448F2B-AA18-4EAE-96C9-80A5264C8A10}.Debug|Any CPU.Build.0 = Debug|Any CPU
		{EB448F2B-AA18-4EAE-96C9-80A5264C8A10}.Release|Any CPU.ActiveCfg = Release|Any CPU
		{EB448F2B-AA18-4EAE-96C9-80A5264C8A10}.Release|Any CPU.Build.0 = Release|Any CPU
	EndGlobalSection
	GlobalSection(SolutionProperties) = preSolution
		HideSolutionNode = FALSE
	EndGlobalSection
	GlobalSection(NestedProjects) = preSolution
		{3E89386B-8505-4050-83DD-0A575FC77721} = {D8C86C98-B7E8-4B68-B9A1-7F8819D69C3C}
		{747C097D-8660-47FE-935F-AF4E0F3518B3} = {B9A17F3A-E096-4A84-A40E-8D728A0D7B25}
		{7EE5BE7B-5A0B-4424-AE9B-8C8145C64133} = {022C10A3-EDF2-4A56-97AD-7B1BEB394A01}
		{A22418FC-FAD0-445A-93B3-6B76E9B20D1A} = {022C10A3-EDF2-4A56-97AD-7B1BEB394A01}
		{00CBBDD3-0223-442A-834B-B993A6DF7D31} = {48AC83AE-E49D-41FA-A328-5066C4F74AAE}
		{EB448F2B-AA18-4EAE-96C9-80A5264C8A10} = {D8C86C98-B7E8-4B68-B9A1-7F8819D69C3C}
	EndGlobalSection
	GlobalSection(ExtensibilityGlobals) = postSolution
		SolutionGuid = {B43F2BBF-A453-4CDC-9C31-92DCC2182AFE}
	EndGlobalSection
EndGlobal
